
Microsoft Visual Studio Solution File, Format Version 12.00
# Visual Studio 15
VisualStudioVersion = 15.0.27130.2036
MinimumVisualStudioVersion = 10.0.40219.1
Project("{FAE04EC0-301F-11D3-BF4B-00C04F79EFBC}") = "LiveDisplay", "LiveDisplay\LiveDisplay.csproj", "{40EAB83C-38E1-4700-B752-D9BD0E597CB5}"
EndProject
Global
	GlobalSection(SolutionConfigurationPlatforms) = preSolution
		Debug|Any CPU = Debug|Any CPU
		Release|Any CPU = Release|Any CPU
	EndGlobalSection
	GlobalSection(ProjectConfigurationPlatforms) = postSolution
		{40EAB83C-38E1-4700-B752-D9BD0E597CB5}.Debug|Any CPU.ActiveCfg = Debug|Any CPU
		{40EAB83C-38E1-4700-B752-D9BD0E597CB5}.Debug|Any CPU.Build.0 = Debug|Any CPU
		{40EAB83C-38E1-4700-B752-D9BD0E597CB5}.Debug|Any CPU.Deploy.0 = Debug|Any CPU
		{40EAB83C-38E1-4700-B752-D9BD0E597CB5}.Release|Any CPU.ActiveCfg = Release|Any CPU
		{40EAB83C-38E1-4700-B752-D9BD0E597CB5}.Release|Any CPU.Build.0 = Release|Any CPU
		{40EAB83C-38E1-4700-B752-D9BD0E597CB5}.Release|Any CPU.Deploy.0 = Release|Any CPU
	EndGlobalSection
	GlobalSection(SolutionProperties) = preSolution
		HideSolutionNode = FALSE
	EndGlobalSection
	GlobalSection(ExtensibilityGlobals) = postSolution
		SolutionGuid = {97AADD3A-C7FF-4C8E-94A4-9C311EFA3222}
	EndGlobalSection
EndGlobal
